{
  "version": 4,
  "terraform_version": "1.3.2",
  "serial": 77,
  "lineage": "ff62c987-1af6-c100-c2ef-2cec895fad89",
  "outputs": {
    "deploy_access_key": {
      "value": "AKIAQDQ3H5FTXDZAYNFM",
      "type": "string"
    }
  },
  "resources": [
    {
      "mode": "managed",
      "type": "aws_dynamodb_table",
      "name": "my-terraform-lock",
      "provider": "provider[\"registry.terraform.io/hashicorp/aws\"]",
      "instances": [
        {
          "schema_version": 1,
          "attributes": {
            "arn": "arn:aws:dynamodb:eu-central-1:007573334375:table/cncf-mf-terraform-lock",
            "attribute": [
              {
                "name": "LockID",
                "type": "S"
              }
            ],
            "billing_mode": "PAY_PER_REQUEST",
            "deletion_protection_enabled": false,
            "global_secondary_index": [],
            "hash_key": "LockID",
            "id": "cncf-mf-terraform-lock",
            "local_secondary_index": [],
            "name": "cncf-mf-terraform-lock",
            "point_in_time_recovery": [
              {
                "enabled": false
              }
            ],
            "range_key": null,
            "read_capacity": 0,
            "replica": [],
            "restore_date_time": null,
            "restore_source_name": null,
            "restore_to_latest_time": null,
            "server_side_encryption": [],
            "stream_arn": "",
            "stream_enabled": false,
            "stream_label": "",
            "stream_view_type": "",
            "table_class": "STANDARD",
            "tags": {
              "project": "cncf-terraform-lock-table",
              "repository": "https://github.com/mayflower/cartografosDE/tree/s3-deployment/terraform/state_setup"
            },
            "tags_all": {
              "project": "cncf-terraform-lock-table",
              "repository": "https://github.com/mayflower/cartografosDE/tree/s3-deployment/terraform/state_setup"
            },
            "timeouts": null,
            "ttl": [
              {
                "attribute_name": "",
                "enabled": false
              }
            ],
            "write_capacity": 0
          },
          "sensitive_attributes": [],
          "private": "eyJlMmJmYjczMC1lY2FhLTExZTYtOGY4OC0zNDM2M2JjN2M0YzAiOnsiY3JlYXRlIjoxODAwMDAwMDAwMDAwLCJkZWxldGUiOjYwMDAwMDAwMDAwMCwidXBkYXRlIjozNjAwMDAwMDAwMDAwfSwic2NoZW1hX3ZlcnNpb24iOiIxIn0="
        }
      ]
    },
    {
      "mode": "managed",
      "type": "aws_iam_access_key",
      "name": "deploy_access_key",
      "provider": "provider[\"registry.terraform.io/hashicorp/aws\"]",
      "instances": [
        {
          "schema_version": 0,
          "attributes": {
            "create_date": "2023-03-21T03:32:10Z",
            "encrypted_secret": "wcDMA/nGPRM94bXoAQv/X5psqdPBNyW+SS2rxm5WDCMFVBae4JqQC3MHiMETUDZfHXvpd5x6RdqwnkpK0SQAmePALkJWUBrNYOW6gO6JttJfBka1ayGhl46za0zAfvgWqfGuzOj8+BHHMtmj43tx4Je6yyJtVBzlB1bCmcK+Hh656E0V3hybRYz5PSd179CYs0M8+x71u+K3PI3kwE2tLzXzLgu1edyUrqfMI0lyfZCHTrzBDKDsxDRQErou77Du6daeDLTkfGcsEI5lH5r3rjmKsTbDwk4lx/lgdypmswarylHfKTTOPlaMbflbRCkzDpKd+mlYn+/PGggpOSgAyW3byVkSFid0304Z0AaUDn/hTHEJ4r5GES6MyCcCuzKU0PcmIe0paIs0HE3Tjxu4woQwGrUv+qzuZjy1pK+ntacIZgOyZaDn4ey3aazp6JP8IuAlSNaO4UnIqhx0F4EhQbnkmNV9KDeuRrY3Usd7anPLFivji9/8xOeS+COuKN92R7BjC4ygOR8/2m5Ka0iK0lkB6IaBWqyD25a7mmrl2yOlPx8sBkn1PvnrUApDXpXfuiAfEyBddgeUs8CHmcR0qE9+BH4WAotwxOyWZknn0AtSFTfs0JGlfQ4HSO/GEcFOW2IokrOJm0xjPw==",
            "encrypted_ses_smtp_password_v4": "wcDMA/nGPRM94bXoAQv/fkoRDmBIbY3wqmi3QzNtckCM8KCz6uswJ/AXact7ML6JHR31lU6BTPKMpQqyPO4Qi5QnhL3XCnBZqAD3c5PPm3a6u06PM0OI/9OOxH3JLcZfqmaFrbo2LrsRwg1Hjjiz6q924b3jnuQmUCWm8v4Yd2S6fC4ldXMKAScXBNJg2rZ5dyAR9ma/VShGWnOVOXjyEfsQ+sIQysNnnJQgbrIqGFVrQt/QkC002M3P8ULTZm4DNfJEXSKslUfD5+t4KsRQ4fPCRGSP1crHUkuUdqVdBj3wUz5uvlP5FjL7GtooRp+MhUCmVF3n1R8yZHOCFXzAYDI45mXM5fyfcnOvsOE6FAkIC5NHBzI339eF28iva2WUMgJovd4ty/ms6v9H/b1UmrIhYdnA7JQBaxAf7fj5eKn3KZ8l397yRrfGgym8X6ojXVyyofOIFWoS9is7bhuImI2PjYq2Z1RVbod81g8AXxq0BGiLlCtk3yGZr+/OJZkY+PYH+mzVKP4jX38bnRG80l0BBvdjOquikJnUCS74icu5RjdkprbYP2wS9/6moVrYb+vnJzKN3lCCryXFdAS6F5iSoB2HwS/t36YqTw2CqNyg3LZw0wOQfrSzafTOFVPd4zG5tuMyWH4ga0pe6u8=",
            "id": "AKIAQDQ3H5FTXDZAYNFM",
            "key_fingerprint": "14865257f9cb0971e00a59f1252db29da23c1ad6",
            "pgp_key": "mQGNBGQYrpwBDACjTQrckjRCotvcGaBk2cwQbw7D0LpHSHWI9GUJSMnMWVlm+neNP8wo8mh5jG/o35FyDyrkTL0sbriVFZV69zaOMqPlgewJNrofUTUoUT+7BhrcTnIDayiMGZJx7G2nqMaa0mZNUhD8+njyPvpqTCfLZmDVizxSr+Oh6kMCEWgnJZaDrntq+9JKoCkHkLJsjR8mMs+vCLyPVhNxHarMGfbwIwI98HzfAkyIKG4UK+G7Rx4IkA8TZkcv4EeKMI8P8IPATOAY621IkHW5ahDStAl/cT56rLJY/+EPSeA84kXFSjwsOF70BsOa6+kobnsf9oqaFnt+CHpbUeHmJh8YPbJf11MaW28JgQ+iKOrQcG/asthJCF11QVluYuX2iBLIFzY6dIYRaPngbPUx+vIYvJ05gaMVOREPeyrl4SqjRIBvBzBiu+3pd79HZ5c7R11tG2RLTgU0qbBKG15kdnBbGfiYztfDWKH7i9JLoT2CXyZL/4YZo3G/Rcrl3lIMtD3o3xkAEQEAAbRNZ2l0aHViLWFjdGlvbnMtdGVycmFmb3JtIDxhZG1pbi1pbnRlcm4rZ2l0aHViLWFjdGlvbnMtdGVycmFmb3JtQG1heWZsb3dlci5kZT6JAdQEEwEKAD4WIQQUhlJX+csJceAKWfElLbKdojwa1gUCZBiunAIbAwUJA8JnAAULCQgHAgYVCgkICwIEFgIDAQIeAQIXgAAKCRAlLbKdojwa1i2JC/4t0tOcraPtndPWx6oe/7gZ63DbaJb+anCMNy5MiPz1ODda8dFrVUfZ+QYxaVEuukmQ5Os1LM4bT5PeOMMRj4lycHx4yEuJ0n6wWd3l8MVWvX7DoSRe7mUrl1qkrIfd4BV/KLUUSqDxik6gWhp3ZpPDNYQbvKEkKHG61H4Cx/bfKFjE8apNj06H5ODxOANwgSKOxgPdi6ItPqCoC/T1Y2gzJIqMrC48P/f20obspIvcm4s1BFURxn2lrqsryM77odLlTfWpaA0hkgzQr7kYSgbwnqeBWBJzLgkqwuo0Z2NybsNgyUqDIwFt7qoaN5ZtcwWkcJjCOtQpLhsOP4NGE4iAdbM6lJCdutj4agyyWCcg1/hb4G1UYwyEBLW9NYxKVuPV3eUJb944QUJtWV9E1tM+Tx+wex0uf1kacPbc+hWHZOAaXPcMYmQge08LNqqHnd5mHjgHMj+htzj/zv16YX1Boy7DVB53jGZpt5d/XoTFZQqLEJLxZYGYp3JAXYlnWcC5AY0EZBiunAEMAK8IfbxejeOnaI1GEWn2toQtbxDmAPuzgCb1cdYc3OrCyN2h9vgYsQuaTesvQNYRdvnEW3bMHruWMAyZsWZjfElv3cboFVgRBXl6c6Mev+vWlgAXpAdMX+RFkzaeCeFaTPhI8aswS2Aq5yoU5ehJNfh18Tp/XYR9TvbBhvaGJgebQS9EpzLcFgtWQ5VCF6eIEjH7fEQsmboPSsM+rLrhFMFqPCXNNSUPhK87xfnXKlUd2JJi1Lhf3eTusvyTDHWdAxNjyVxpQ0POAsabUiSPx7693aT/NtAYsTHwVgME3jsLdDzIqHB3NYQrC9xVYbKzjASGUwzoNaEZeb7b8/UWAhrW7jjdzP5kgZenRrqV4WdC866h02v3I5e2VBOOn+YNFxSQ1V9sm/6URq1hbfl8mCp2zbHhAmVa9yPAn9Gr4gqILxM8e0owlIHzsGryCgKhzl4LzNn9yBaUr0kTU5b3JzmrMemkWY90CQ+d0aNf8u3Nq8lKl63hSSqeIyYKRivjOQARAQABiQG8BBgBCgAmFiEEFIZSV/nLCXHgClnxJS2ynaI8GtYFAmQYrpwCGwwFCQPCZwAACgkQJS2ynaI8Gtbj3wwAmGXyaPUXZ1IsJdqdzTdkyfDwbQTxKTiHjzAtHFbrmXja751LwI84Svn0uQGN85EITmtUQRhlLzg9PJZ0WYzsirTEQTKvJITlTI8HQ/85qpCnsPkuqIXE94Ld67Xsmn9sDLAGG3x8NNcjwakYQEu2d11N5jQljUjphu9fo8jVdkadnrX0xDM0NF/BsQ7pIP0gdDgi1O/PHJWautIwcaD1aBDqKn/cHg981gOa3cObkyKyuEFOhytq9Kc4jsAI0bOykEciuACWUq9eLqz9Xz/wI6ZdLQylPA16GlySZ0viZgcc1rbipsCjZOiZvow53PV9BqRyclOC1sMhH0abCdaw6/6/sGO9YHlXdpae6ikxmawdEwiCUFY6WlMfvbr+UWJyomzBBUx25XQymyGA1ZndUK6V/tS16ochtBADnxz5acwMac4Jj0c/xdQpteZhii9xJUF6tsmITdNMtvm1Oy6fGwlRAzS54U7oa1NLGAt9otIJiTaH5PYPL/9joRA5KoQl",
            "secret": null,
            "ses_smtp_password_v4": null,
            "status": "Active",
            "user": "cncf.deploy"
          },
          "sensitive_attributes": [],
          "private": "bnVsbA==",
          "dependencies": [
            "aws_iam_user.deploy_user"
          ]
        }
      ]
    },
    {
      "mode": "managed",
      "type": "aws_iam_user",
      "name": "deploy_user",
      "provider": "provider[\"registry.terraform.io/hashicorp/aws\"]",
      "instances": [
        {
          "schema_version": 0,
          "attributes": {
            "arn": "arn:aws:iam::007573334375:user/cncf.deploy",
            "force_destroy": false,
            "id": "cncf.deploy",
            "name": "cncf.deploy",
            "path": "/",
            "permissions_boundary": null,
            "tags": {
              "Project": "cncf-maturitymodel",
              "repository": "https://github.com/mayflower/cartografosDE"
            },
            "tags_all": {
              "Project": "cncf-maturitymodel",
              "repository": "https://github.com/mayflower/cartografosDE"
            },
            "unique_id": "AIDAQDQ3H5FT2MWC7NGTX"
          },
          "sensitive_attributes": [],
          "private": "bnVsbA=="
        }
      ]
    },
    {
      "mode": "managed",
      "type": "aws_iam_user_group_membership",
      "name": "deploy_user",
      "provider": "provider[\"registry.terraform.io/hashicorp/aws\"]",
      "instances": [
        {
          "schema_version": 0,
          "attributes": {
            "groups": [
              "administrator"
            ],
            "id": "terraform-20230321033208506400000001",
            "user": "cncf.deploy"
          },
          "sensitive_attributes": [],
          "private": "bnVsbA==",
          "dependencies": [
            "aws_iam_user.deploy_user"
          ]
        }
      ]
    },
    {
      "mode": "managed",
      "type": "aws_s3_bucket",
      "name": "cncf-terraform-state",
      "provider": "provider[\"registry.terraform.io/hashicorp/aws\"]",
      "instances": [
        {
          "schema_version": 0,
          "attributes": {
            "acceleration_status": "",
            "acl": null,
            "arn": "arn:aws:s3:::cncf-mf-terraform-state",
            "bucket": "cncf-mf-terraform-state",
            "bucket_domain_name": "cncf-mf-terraform-state.s3.amazonaws.com",
            "bucket_prefix": null,
            "bucket_regional_domain_name": "cncf-mf-terraform-state.s3.eu-central-1.amazonaws.com",
            "cors_rule": [],
            "force_destroy": false,
            "grant": [
              {
                "id": "e70cbcbdbde11f91e0e384ad796b33eb356080512df330d7bafbd0f1e5acffb7",
                "permissions": [
                  "FULL_CONTROL"
                ],
                "type": "CanonicalUser",
                "uri": ""
              }
            ],
            "hosted_zone_id": "Z21DNDUVLTQW6Q",
            "id": "cncf-mf-terraform-state",
            "lifecycle_rule": [],
            "logging": [],
            "object_lock_configuration": [],
            "object_lock_enabled": false,
            "policy": "",
            "region": "eu-central-1",
            "replication_configuration": [],
            "request_payer": "BucketOwner",
            "server_side_encryption_configuration": [
              {
                "rule": [
                  {
                    "apply_server_side_encryption_by_default": [
                      {
                        "kms_master_key_id": "",
                        "sse_algorithm": "AES256"
                      }
                    ],
                    "bucket_key_enabled": false
                  }
                ]
              }
            ],
            "tags": {
              "project": "cncf-mf-terraform-states",
              "repository": "https://github.com/mayflower/cartografosDE/tree/s3-deployment/terraform/state_setup"
            },
            "tags_all": {
              "project": "cncf-mf-terraform-states",
              "repository": "https://github.com/mayflower/cartografosDE/tree/s3-deployment/terraform/state_setup"
            },
            "timeouts": null,
            "versioning": [
              {
                "enabled": false,
                "mfa_delete": false
              }
            ],
            "website": [],
            "website_domain": null,
            "website_endpoint": null
          },
          "sensitive_attributes": [],
          "private": "eyJlMmJmYjczMC1lY2FhLTExZTYtOGY4OC0zNDM2M2JjN2M0YzAiOnsiY3JlYXRlIjoxMjAwMDAwMDAwMDAwLCJkZWxldGUiOjM2MDAwMDAwMDAwMDAsInJlYWQiOjEyMDAwMDAwMDAwMDAsInVwZGF0ZSI6MTIwMDAwMDAwMDAwMH19"
        }
      ]
    },
    {
      "mode": "managed",
      "type": "aws_s3_bucket_acl",
      "name": "cncf-terraform-state-acl",
      "provider": "provider[\"registry.terraform.io/hashicorp/aws\"]",
      "instances": [
        {
          "schema_version": 0,
          "attributes": {
            "access_control_policy": [
              {
                "grant": [
                  {
                    "grantee": [
                      {
                        "display_name": "",
                        "email_address": "",
                        "id": "e70cbcbdbde11f91e0e384ad796b33eb356080512df330d7bafbd0f1e5acffb7",
                        "type": "CanonicalUser",
                        "uri": ""
                      }
                    ],
                    "permission": "FULL_CONTROL"
                  }
                ],
                "owner": [
                  {
                    "display_name": "",
                    "id": "e70cbcbdbde11f91e0e384ad796b33eb356080512df330d7bafbd0f1e5acffb7"
                  }
                ]
              }
            ],
            "acl": "private",
            "bucket": "cncf-mf-terraform-state",
            "expected_bucket_owner": "",
            "id": "cncf-mf-terraform-state,private"
          },
          "sensitive_attributes": [],
          "private": "bnVsbA==",
          "dependencies": [
            "aws_s3_bucket.cncf-terraform-state"
          ]
        }
      ]
    }
  ],
  "check_results": []
}
